
Microsoft Visual Studio Solution File, Format Version 11.00
# Visual C# Express 2010
Project("{FAE04EC0-301F-11D3-BF4B-00C04F79EFBC}") = "ConcordV3", "ConcordV3\ConcordV3.csproj", "{27100337-5353-4242-9DBC-5F57E88CE999}"
EndProject
Global
	GlobalSection(SolutionConfigurationPlatforms) = preSolution
		Debug|x86 = Debug|x86
		Release|x86 = Release|x86
	EndGlobalSection
	GlobalSection(ProjectConfigurationPlatforms) = postSolution
		{27100337-5353-4242-9DBC-5F57E88CE999}.Debug|x86.ActiveCfg = Debug|x86
		{27100337-5353-4242-9DBC-5F57E88CE999}.Debug|x86.Build.0 = Debug|x86
		{27100337-5353-4242-9DBC-5F57E88CE999}.Release|x86.ActiveCfg = Release|x86
		{27100337-5353-4242-9DBC-5F57E88CE999}.Release|x86.Build.0 = Release|x86
	EndGlobalSection
	GlobalSection(SolutionProperties) = preSolution
		HideSolutionNode = FALSE
	EndGlobalSection
EndGlobal
